
Microsoft Visual Studio Solution File, Format Version 12.00
# Visual Studio Version 17
VisualStudioVersion = 17.14.36623.8 d17.14
MinimumVisualStudioVersion = 10.0.40219.1
Project("{FAE04EC0-301F-11D3-BF4B-00C04F79EFBC}") = "OurCompanion.API", "OurCompanion.API\OurCompanion.API.csproj", "{B7ABBA92-C55A-4B84-99B5-A1324CD3EEF8}"
EndProject
Project("{FAE04EC0-301F-11D3-BF4B-00C04F79EFBC}") = "OurCompanion.Application", "OurCompanion.Application\OurCompanion.Application.csproj", "{82813657-41A6-42D6-8A6E-9CEF9DF0FDAD}"
EndProject
Project("{FAE04EC0-301F-11D3-BF4B-00C04F79EFBC}") = "OurCompanion.Domain", "OurCompanion.Domain\OurCompanion.Domain.csproj", "{9CFAF6C3-15E3-4E90-9F42-5944DD9C7AA7}"
EndProject
Project("{FAE04EC0-301F-11D3-BF4B-00C04F79EFBC}") = "OurCompanion.Infrastructure", "OurCompanion.Infrastructure\OurCompanion.Infrastructure.csproj", "{74B75A8E-27EF-4842-84D8-B8A5C78346BB}"
EndProject
Global
	GlobalSection(SolutionConfigurationPlatforms) = preSolution
		Debug|Any CPU = Debug|Any CPU
		Release|Any CPU = Release|Any CPU
	EndGlobalSection
	GlobalSection(ProjectConfigurationPlatforms) = postSolution
		{B7ABBA92-C55A-4B84-99B5-A1324CD3EEF8}.Debug|Any CPU.ActiveCfg = Debug|Any CPU
		{B7ABBA92-C55A-4B84-99B5-A1324CD3EEF8}.Debug|Any CPU.Build.0 = Debug|Any CPU
		{B7ABBA92-C55A-4B84-99B5-A1324CD3EEF8}.Release|Any CPU.ActiveCfg = Release|Any CPU
		{B7ABBA92-C55A-4B84-99B5-A1324CD3EEF8}.Release|Any CPU.Build.0 = Release|Any CPU
		{82813657-41A6-42D6-8A6E-9CEF9DF0FDAD}.Debug|Any CPU.ActiveCfg = Debug|Any CPU
		{82813657-41A6-42D6-8A6E-9CEF9DF0FDAD}.Debug|Any CPU.Build.0 = Debug|Any CPU
		{82813657-41A6-42D6-8A6E-9CEF9DF0FDAD}.Release|Any CPU.ActiveCfg = Release|Any CPU
		{82813657-41A6-42D6-8A6E-9CEF9DF0FDAD}.Release|Any CPU.Build.0 = Release|Any CPU
		{9CFAF6C3-15E3-4E90-9F42-5944DD9C7AA7}.Debug|Any CPU.ActiveCfg = Debug|Any CPU
		{9CFAF6C3-15E3-4E90-9F42-5944DD9C7AA7}.Debug|Any CPU.Build.0 = Debug|Any CPU
		{9CFAF6C3-15E3-4E90-9F42-5944DD9C7AA7}.Release|Any CPU.ActiveCfg = Release|Any CPU
		{9CFAF6C3-15E3-4E90-9F42-5944DD9C7AA7}.Release|Any CPU.Build.0 = Release|Any CPU
		{74B75A8E-27EF-4842-84D8-B8A5C78346BB}.Debug|Any CPU.ActiveCfg = Debug|Any CPU
		{74B75A8E-27EF-4842-84D8-B8A5C78346BB}.Debug|Any CPU.Build.0 = Debug|Any CPU
		{74B75A8E-27EF-4842-84D8-B8A5C78346BB}.Release|Any CPU.ActiveCfg = Release|Any CPU
		{74B75A8E-27EF-4842-84D8-B8A5C78346BB}.Release|Any CPU.Build.0 = Release|Any CPU
	EndGlobalSection
	GlobalSection(SolutionProperties) = preSolution
		HideSolutionNode = FALSE
	EndGlobalSection
	GlobalSection(ExtensibilityGlobals) = postSolution
		SolutionGuid = {56639F9A-F7E5-45A4-8482-D1487DA1D3E3}
	EndGlobalSection
EndGlobal
